// !$*UTF8*$!
{
	archiveVersion = 1;
	classes = {
	};
	objectVersion = 50;
	objects = {

/* Begin PBXBuildFile section */
		810CF3182675FF030018B3AD /* GameCell.swift in Sources */ = {isa = PBXBuildFile; fileRef = 810CF3162675FF030018B3AD /* GameCell.swift */; };
		810CF3192675FF030018B3AD /* GameCell.xib in Resources */ = {isa = PBXBuildFile; fileRef = 810CF3172675FF030018B3AD /* GameCell.xib */; };
		8145FF162671F45400B7B3A9 /* Game.swift in Sources */ = {isa = PBXBuildFile; fileRef = 8145FF152671F45400B7B3A9 /* Game.swift */; };
		8145FF182671F46F00B7B3A9 /* GameSession.swift in Sources */ = {isa = PBXBuildFile; fileRef = 8145FF172671F46F00B7B3A9 /* GameSession.swift */; };
		8145FF1A2672360600B7B3A9 /* Question.swift in Sources */ = {isa = PBXBuildFile; fileRef = 8145FF192672360600B7B3A9 /* Question.swift */; };
		8145FF1C267242A600B7B3A9 /* GameVC.swift in Sources */ = {isa = PBXBuildFile; fileRef = 8145FF1B267242A600B7B3A9 /* GameVC.swift */; };
		8145FF1E267243DA00B7B3A9 /* ScoreVC.swift in Sources */ = {isa = PBXBuildFile; fileRef = 8145FF1D267243DA00B7B3A9 /* ScoreVC.swift */; };
		8152218E2676CBE500E80E52 /* Caretaker.swift in Sources */ = {isa = PBXBuildFile; fileRef = 8152218D2676CBE500E80E52 /* Caretaker.swift */; };
		81973E3A26746F3C00A871FB /* ScoreCell.swift in Sources */ = {isa = PBXBuildFile; fileRef = 81973E3826746F3C00A871FB /* ScoreCell.swift */; };
		81973E3B26746F3C00A871FB /* ScoreCell.xib in Resources */ = {isa = PBXBuildFile; fileRef = 81973E3926746F3C00A871FB /* ScoreCell.xib */; };
		81DBD161267A1AA600F13E8B /* StrategyRandomQuestion.swift in Sources */ = {isa = PBXBuildFile; fileRef = 81DBD160267A1AA600F13E8B /* StrategyRandomQuestion.swift */; };
		81DBD163267A3E4000F13E8B /* SettingsVC.swift in Sources */ = {isa = PBXBuildFile; fileRef = 81DBD162267A3E4000F13E8B /* SettingsVC.swift */; };
		81DBD167267A4A6100F13E8B /* Complexity.swift in Sources */ = {isa = PBXBuildFile; fileRef = 81DBD166267A4A6100F13E8B /* Complexity.swift */; };
		81DBD16A267A530000F13E8B /* NotRandomStrategy.swift in Sources */ = {isa = PBXBuildFile; fileRef = 81DBD169267A530000F13E8B /* NotRandomStrategy.swift */; };
		81DBD16C267A55A500F13E8B /* RandomStrategy.swift in Sources */ = {isa = PBXBuildFile; fileRef = 81DBD16B267A55A500F13E8B /* RandomStrategy.swift */; };
		81EBEC04266F89AE00270953 /* AppDelegate.swift in Sources */ = {isa = PBXBuildFile; fileRef = 81EBEC03266F89AE00270953 /* AppDelegate.swift */; };
		81EBEC06266F89AE00270953 /* SceneDelegate.swift in Sources */ = {isa = PBXBuildFile; fileRef = 81EBEC05266F89AE00270953 /* SceneDelegate.swift */; };
		81EBEC08266F89AE00270953 /* MainVC.swift in Sources */ = {isa = PBXBuildFile; fileRef = 81EBEC07266F89AE00270953 /* MainVC.swift */; };
		81EBEC0B266F89AE00270953 /* Main.storyboard in Resources */ = {isa = PBXBuildFile; fileRef = 81EBEC09266F89AE00270953 /* Main.storyboard */; };
		81EBEC0D266F89AF00270953 /* Assets.xcassets in Resources */ = {isa = PBXBuildFile; fileRef = 81EBEC0C266F89AF00270953 /* Assets.xcassets */; };
		81EBEC10266F89AF00270953 /* LaunchScreen.storyboard in Resources */ = {isa = PBXBuildFile; fileRef = 81EBEC0E266F89AF00270953 /* LaunchScreen.storyboard */; };
/* End PBXBuildFile section */

/* Begin PBXFileReference section */
		810CF3162675FF030018B3AD /* GameCell.swift */ = {isa = PBXFileReference; lastKnownFileType = sourcecode.swift; path = GameCell.swift; sourceTree = "<group>"; };
		810CF3172675FF030018B3AD /* GameCell.xib */ = {isa = PBXFileReference; lastKnownFileType = file.xib; path = GameCell.xib; sourceTree = "<group>"; };
		8145FF152671F45400B7B3A9 /* Game.swift */ = {isa = PBXFileReference; lastKnownFileType = sourcecode.swift; path = Game.swift; sourceTree = "<group>"; };
		8145FF172671F46F00B7B3A9 /* GameSession.swift */ = {isa = PBXFileReference; lastKnownFileType = sourcecode.swift; path = GameSession.swift; sourceTree = "<group>"; };
		8145FF192672360600B7B3A9 /* Question.swift */ = {isa = PBXFileReference; lastKnownFileType = sourcecode.swift; path = Question.swift; sourceTree = "<group>"; };
		8145FF1B267242A600B7B3A9 /* GameVC.swift */ = {isa = PBXFileReference; lastKnownFileType = sourcecode.swift; path = GameVC.swift; sourceTree = "<group>"; };
		8145FF1D267243DA00B7B3A9 /* ScoreVC.swift */ = {isa = PBXFileReference; lastKnownFileType = sourcecode.swift; path = ScoreVC.swift; sourceTree = "<group>"; };
		8152218D2676CBE500E80E52 /* Caretaker.swift */ = {isa = PBXFileReference; lastKnownFileType = sourcecode.swift; path = Caretaker.swift; sourceTree = "<group>"; };
		81973E3826746F3C00A871FB /* ScoreCell.swift */ = {isa = PBXFileReference; lastKnownFileType = sourcecode.swift; path = ScoreCell.swift; sourceTree = "<group>"; };
		81973E3926746F3C00A871FB /* ScoreCell.xib */ = {isa = PBXFileReference; lastKnownFileType = file.xib; path = ScoreCell.xib; sourceTree = "<group>"; };
		81DBD160267A1AA600F13E8B /* StrategyRandomQuestion.swift */ = {isa = PBXFileReference; lastKnownFileType = sourcecode.swift; path = StrategyRandomQuestion.swift; sourceTree = "<group>"; };
		81DBD162267A3E4000F13E8B /* SettingsVC.swift */ = {isa = PBXFileReference; lastKnownFileType = sourcecode.swift; path = SettingsVC.swift; sourceTree = "<group>"; };
		81DBD166267A4A6100F13E8B /* Complexity.swift */ = {isa = PBXFileReference; lastKnownFileType = sourcecode.swift; path = Complexity.swift; sourceTree = "<group>"; };
		81DBD169267A530000F13E8B /* NotRandomStrategy.swift */ = {isa = PBXFileReference; lastKnownFileType = sourcecode.swift; path = NotRandomStrategy.swift; sourceTree = "<group>"; };
		81DBD16B267A55A500F13E8B /* RandomStrategy.swift */ = {isa = PBXFileReference; lastKnownFileType = sourcecode.swift; path = RandomStrategy.swift; sourceTree = "<group>"; };
		81EBEC00266F89AE00270953 /* WhoWantsToBeMillionaire.app */ = {isa = PBXFileReference; explicitFileType = wrapper.application; includeInIndex = 0; path = WhoWantsToBeMillionaire.app; sourceTree = BUILT_PRODUCTS_DIR; };
		81EBEC03266F89AE00270953 /* AppDelegate.swift */ = {isa = PBXFileReference; lastKnownFileType = sourcecode.swift; path = AppDelegate.swift; sourceTree = "<group>"; };
		81EBEC05266F89AE00270953 /* SceneDelegate.swift */ = {isa = PBXFileReference; lastKnownFileType = sourcecode.swift; path = SceneDelegate.swift; sourceTree = "<group>"; };
		81EBEC07266F89AE00270953 /* MainVC.swift */ = {isa = PBXFileReference; lastKnownFileType = sourcecode.swift; path = MainVC.swift; sourceTree = "<group>"; };
		81EBEC0A266F89AE00270953 /* Base */ = {isa = PBXFileReference; lastKnownFileType = file.storyboard; name = Base; path = Base.lproj/Main.storyboard; sourceTree = "<group>"; };
		81EBEC0C266F89AF00270953 /* Assets.xcassets */ = {isa = PBXFileReference; lastKnownFileType = folder.assetcatalog; path = Assets.xcassets; sourceTree = "<group>"; };
		81EBEC0F266F89AF00270953 /* Base */ = {isa = PBXFileReference; lastKnownFileType = file.storyboard; name = Base; path = Base.lproj/LaunchScreen.storyboard; sourceTree = "<group>"; };
		81EBEC11266F89AF00270953 /* Info.plist */ = {isa = PBXFileReference; lastKnownFileType = text.plist.xml; path = Info.plist; sourceTree = "<group>"; };
/* End PBXFileReference section */

/* Begin PBXFrameworksBuildPhase section */
		81EBEBFD266F89AE00270953 /* Frameworks */ = {
			isa = PBXFrameworksBuildPhase;
			buildActionMask = 2147483647;
			files = (
			);
			runOnlyForDeploymentPostprocessing = 0;
		};
/* End PBXFrameworksBuildPhase section */

/* Begin PBXGroup section */
		810CF3152675CB910018B3AD /* Game */ = {
			isa = PBXGroup;
			children = (
				8145FF192672360600B7B3A9 /* Question.swift */,
				8145FF152671F45400B7B3A9 /* Game.swift */,
				8145FF172671F46F00B7B3A9 /* GameSession.swift */,
				81DBD166267A4A6100F13E8B /* Complexity.swift */,
			);
			name = Game;
			sourceTree = "<group>";
		};
		8152218F2676D23300E80E52 /* Memento */ = {
			isa = PBXGroup;
			children = (
				8152218D2676CBE500E80E52 /* Caretaker.swift */,
			);
			name = Memento;
			sourceTree = "<group>";
		};
		816B5C4626724E0D003E2DC9 /* Controllers */ = {
			isa = PBXGroup;
			children = (
				81EBEC07266F89AE00270953 /* MainVC.swift */,
				8145FF1B267242A600B7B3A9 /* GameVC.swift */,
				8145FF1D267243DA00B7B3A9 /* ScoreVC.swift */,
				81DBD162267A3E4000F13E8B /* SettingsVC.swift */,
			);
			name = Controllers;
			sourceTree = "<group>";
		};
		81973E3726746F0A00A871FB /* Cell */ = {
			isa = PBXGroup;
			children = (
				81973E3826746F3C00A871FB /* ScoreCell.swift */,
				81973E3926746F3C00A871FB /* ScoreCell.xib */,
				810CF3162675FF030018B3AD /* GameCell.swift */,
				810CF3172675FF030018B3AD /* GameCell.xib */,
			);
			name = Cell;
			sourceTree = "<group>";
		};
		81973E3C26747FEA00A871FB /* Fundamental */ = {
			isa = PBXGroup;
			children = (
				81EBEC03266F89AE00270953 /* AppDelegate.swift */,
				81EBEC05266F89AE00270953 /* SceneDelegate.swift */,
			);
			name = Fundamental;
			sourceTree = "<group>";
		};
		81DBD15E267A19C100F13E8B /* Strategy */ = {
			isa = PBXGroup;
			children = (
				81DBD168267A52AD00F13E8B /* StrategyRandomQuestion */,
			);
			name = Strategy;
			sourceTree = "<group>";
		};
		81DBD168267A52AD00F13E8B /* StrategyRandomQuestion */ = {
			isa = PBXGroup;
			children = (
				81DBD160267A1AA600F13E8B /* StrategyRandomQuestion.swift */,
				81DBD169267A530000F13E8B /* NotRandomStrategy.swift */,
				81DBD16B267A55A500F13E8B /* RandomStrategy.swift */,
			);
			name = StrategyRandomQuestion;
			sourceTree = "<group>";
		};
		81EBEBF7266F89AE00270953 = {
			isa = PBXGroup;
			children = (
				81EBEC02266F89AE00270953 /* WhoWantsToBeMillionaire */,
				81EBEC01266F89AE00270953 /* Products */,
			);
			sourceTree = "<group>";
		};
		81EBEC01266F89AE00270953 /* Products */ = {
			isa = PBXGroup;
			children = (
				81EBEC00266F89AE00270953 /* WhoWantsToBeMillionaire.app */,
			);
			name = Products;
			sourceTree = "<group>";
		};
		81EBEC02266F89AE00270953 /* WhoWantsToBeMillionaire */ = {
			isa = PBXGroup;
			children = (
				81DBD15E267A19C100F13E8B /* Strategy */,
				8152218F2676D23300E80E52 /* Memento */,
				810CF3152675CB910018B3AD /* Game */,
				816B5C4626724E0D003E2DC9 /* Controllers */,
				81973E3726746F0A00A871FB /* Cell */,
				81973E3C26747FEA00A871FB /* Fundamental */,
				81EBEC09266F89AE00270953 /* Main.storyboard */,
				81EBEC0C266F89AF00270953 /* Assets.xcassets */,
				81EBEC0E266F89AF00270953 /* LaunchScreen.storyboard */,
				81EBEC11266F89AF00270953 /* Info.plist */,
			);
			path = WhoWantsToBeMillionaire;
			sourceTree = "<group>";
		};
/* End PBXGroup section */

/* Begin PBXNativeTarget section */
		81EBEBFF266F89AE00270953 /* WhoWantsToBeMillionaire */ = {
			isa = PBXNativeTarget;
			buildConfigurationList = 81EBEC14266F89AF00270953 /* Build configuration list for PBXNativeTarget "WhoWantsToBeMillionaire" */;
			buildPhases = (
				81EBEBFC266F89AE00270953 /* Sources */,
				81EBEBFD266F89AE00270953 /* Frameworks */,
				81EBEBFE266F89AE00270953 /* Resources */,
			);
			buildRules = (
			);
			dependencies = (
			);
			name = WhoWantsToBeMillionaire;
			productName = WhoWantsToBeMillionaire;
			productReference = 81EBEC00266F89AE00270953 /* WhoWantsToBeMillionaire.app */;
			productType = "com.apple.product-type.application";
		};
/* End PBXNativeTarget section */

/* Begin PBXProject section */
		81EBEBF8266F89AE00270953 /* Project object */ = {
			isa = PBXProject;
			attributes = {
				LastSwiftUpdateCheck = 1250;
				LastUpgradeCheck = 1250;
				TargetAttributes = {
					81EBEBFF266F89AE00270953 = {
						CreatedOnToolsVersion = 12.5;
					};
				};
			};
			buildConfigurationList = 81EBEBFB266F89AE00270953 /* Build configuration list for PBXProject "WhoWantsToBeMillionaire" */;
			compatibilityVersion = "Xcode 9.3";
			developmentRegion = en;
			hasScannedForEncodings = 0;
			knownRegions = (
				en,
				Base,
			);
			mainGroup = 81EBEBF7266F89AE00270953;
			productRefGroup = 81EBEC01266F89AE00270953 /* Products */;
			projectDirPath = "";
			projectRoot = "";
			targets = (
				81EBEBFF266F89AE00270953 /* WhoWantsToBeMillionaire */,
			);
		};
/* End PBXProject section */

/* Begin PBXResourcesBuildPhase section */
		81EBEBFE266F89AE00270953 /* Resources */ = {
			isa = PBXResourcesBuildPhase;
			buildActionMask = 2147483647;
			files = (
				81EBEC10266F89AF00270953 /* LaunchScreen.storyboard in Resources */,
				810CF3192675FF030018B3AD /* GameCell.xib in Resources */,
				81EBEC0D266F89AF00270953 /* Assets.xcassets in Resources */,
				81973E3B26746F3C00A871FB /* ScoreCell.xib in Resources */,
				81EBEC0B266F89AE00270953 /* Main.storyboard in Resources */,
			);
			runOnlyForDeploymentPostprocessing = 0;
		};
/* End PBXResourcesBuildPhase section */

/* Begin PBXSourcesBuildPhase section */
		81EBEBFC266F89AE00270953 /* Sources */ = {
			isa = PBXSourcesBuildPhase;
			buildActionMask = 2147483647;
			files = (
				81DBD163267A3E4000F13E8B /* SettingsVC.swift in Sources */,
				81EBEC08266F89AE00270953 /* MainVC.swift in Sources */,
				81EBEC04266F89AE00270953 /* AppDelegate.swift in Sources */,
				81DBD16C267A55A500F13E8B /* RandomStrategy.swift in Sources */,
				81DBD167267A4A6100F13E8B /* Complexity.swift in Sources */,
				81DBD161267A1AA600F13E8B /* StrategyRandomQuestion.swift in Sources */,
				8145FF182671F46F00B7B3A9 /* GameSession.swift in Sources */,
				8152218E2676CBE500E80E52 /* Caretaker.swift in Sources */,
				8145FF1A2672360600B7B3A9 /* Question.swift in Sources */,
				8145FF1C267242A600B7B3A9 /* GameVC.swift in Sources */,
				810CF3182675FF030018B3AD /* GameCell.swift in Sources */,
				8145FF1E267243DA00B7B3A9 /* ScoreVC.swift in Sources */,
				81EBEC06266F89AE00270953 /* SceneDelegate.swift in Sources */,
				81DBD16A267A530000F13E8B /* NotRandomStrategy.swift in Sources */,
				81973E3A26746F3C00A871FB /* ScoreCell.swift in Sources */,
				8145FF162671F45400B7B3A9 /* Game.swift in Sources */,
			);
			runOnlyForDeploymentPostprocessing = 0;
		};
/* End PBXSourcesBuildPhase section */

/* Begin PBXVariantGroup section */
		81EBEC09266F89AE00270953 /* Main.storyboard */ = {
			isa = PBXVariantGroup;
			children = (
				81EBEC0A266F89AE00270953 /* Base */,
			);
			name = Main.storyboard;
			sourceTree = "<group>";
		};
		81EBEC0E266F89AF00270953 /* LaunchScreen.storyboard */ = {
			isa = PBXVariantGroup;
			children = (
				81EBEC0F266F89AF00270953 /* Base */,
			);
			name = LaunchScreen.storyboard;
			sourceTree = "<group>";
		};
/* End PBXVariantGroup section */

/* Begin XCBuildConfiguration section */
		81EBEC12266F89AF00270953 /* Debug */ = {
			isa = XCBuildConfiguration;
			buildSettings = {
				ALWAYS_SEARCH_USER_PATHS = NO;
				CLANG_ANALYZER_NONNULL = YES;
				CLANG_ANALYZER_NUMBER_OBJECT_CONVERSION = YES_AGGRESSIVE;
				CLANG_CXX_LANGUAGE_STANDARD = "gnu++14";
				CLANG_CXX_LIBRARY = "libc++";
				CLANG_ENABLE_MODULES = YES;
				CLANG_ENABLE_OBJC_ARC = YES;
				CLANG_ENABLE_OBJC_WEAK = YES;
				CLANG_WARN_BLOCK_CAPTURE_AUTORELEASING = YES;
				CLANG_WARN_BOOL_CONVERSION = YES;
				CLANG_WARN_COMMA = YES;
				CLANG_WARN_CONSTANT_CONVERSION = YES;
				CLANG_WARN_DEPRECATED_OBJC_IMPLEMENTATIONS = YES;
				CLANG_WARN_DIRECT_OBJC_ISA_USAGE = YES_ERROR;
				CLANG_WARN_DOCUMENTATION_COMMENTS = YES;
				CLANG_WARN_EMPTY_BODY = YES;
				CLANG_WARN_ENUM_CONVERSION = YES;
				CLANG_WARN_INFINITE_RECURSION = YES;
				CLANG_WARN_INT_CONVERSION = YES;
				CLANG_WARN_NON_LITERAL_NULL_CONVERSION = YES;
				CLANG_WARN_OBJC_IMPLICIT_RETAIN_SELF = YES;
				CLANG_WARN_OBJC_LITERAL_CONVERSION = YES;
				CLANG_WARN_OBJC_ROOT_CLASS = YES_ERROR;
				CLANG_WARN_QUOTED_INCLUDE_IN_FRAMEWORK_HEADER = YES;
				CLANG_WARN_RANGE_LOOP_ANALYSIS = YES;
				CLANG_WARN_STRICT_PROTOTYPES = YES;
				CLANG_WARN_SUSPICIOUS_MOVE = YES;
				CLANG_WARN_UNGUARDED_AVAILABILITY = YES_AGGRESSIVE;
				CLANG_WARN_UNREACHABLE_CODE = YES;
				CLANG_WARN__DUPLICATE_METHOD_MATCH = YES;
				COPY_PHASE_STRIP = NO;
				DEBUG_INFORMATION_FORMAT = dwarf;
				ENABLE_STRICT_OBJC_MSGSEND = YES;
				ENABLE_TESTABILITY = YES;
				GCC_C_LANGUAGE_STANDARD = gnu11;
				GCC_DYNAMIC_NO_PIC = NO;
				GCC_NO_COMMON_BLOCKS = YES;
				GCC_OPTIMIZATION_LEVEL = 0;
				GCC_PREPROCESSOR_DEFINITIONS = (
					"DEBUG=1",
					"$(inherited)",
				);
				GCC_WARN_64_TO_32_BIT_CONVERSION = YES;
				GCC_WARN_ABOUT_RETURN_TYPE = YES_ERROR;
				GCC_WARN_UNDECLARED_SELECTOR = YES;
				GCC_WARN_UNINITIALIZED_AUTOS = YES_AGGRESSIVE;
				GCC_WARN_UNUSED_FUNCTION = YES;
				GCC_WARN_UNUSED_VARIABLE = YES;
				IPHONEOS_DEPLOYMENT_TARGET = 14.5;
				MTL_ENABLE_DEBUG_INFO = INCLUDE_SOURCE;
				MTL_FAST_MATH = YES;
				ONLY_ACTIVE_ARCH = YES;
				SDKROOT = iphoneos;
				SWIFT_ACTIVE_COMPILATION_CONDITIONS = DEBUG;
				SWIFT_OPTIMIZATION_LEVEL = "-Onone";
			};
			name = Debug;
		};
		81EBEC13266F89AF00270953 /* Release */ = {
			isa = XCBuildConfiguration;
			buildSettings = {
				ALWAYS_SEARCH_USER_PATHS = NO;
				CLANG_ANALYZER_NONNULL = YES;
				CLANG_ANALYZER_NUMBER_OBJECT_CONVERSION = YES_AGGRESSIVE;
				CLANG_CXX_LANGUAGE_STANDARD = "gnu++14";
				CLANG_CXX_LIBRARY = "libc++";
				CLANG_ENABLE_MODULES = YES;
				CLANG_ENABLE_OBJC_ARC = YES;
				CLANG_ENABLE_OBJC_WEAK = YES;
				CLANG_WARN_BLOCK_CAPTURE_AUTORELEASING = YES;
				CLANG_WARN_BOOL_CONVERSION = YES;
				CLANG_WARN_COMMA = YES;
				CLANG_WARN_CONSTANT_CONVERSION = YES;
				CLANG_WARN_DEPRECATED_OBJC_IMPLEMENTATIONS = YES;
				CLANG_WARN_DIRECT_OBJC_ISA_USAGE = YES_ERROR;
				CLANG_WARN_DOCUMENTATION_COMMENTS = YES;
				CLANG_WARN_EMPTY_BODY = YES;
				CLANG_WARN_ENUM_CONVERSION = YES;
				CLANG_WARN_INFINITE_RECURSION = YES;
				CLANG_WARN_INT_CONVERSION = YES;
				CLANG_WARN_NON_LITERAL_NULL_CONVERSION = YES;
				CLANG_WARN_OBJC_IMPLICIT_RETAIN_SELF = YES;
				CLANG_WARN_OBJC_LITERAL_CONVERSION = YES;
				CLANG_WARN_OBJC_ROOT_CLASS = YES_ERROR;
				CLANG_WARN_QUOTED_INCLUDE_IN_FRAMEWORK_HEADER = YES;
				CLANG_WARN_RANGE_LOOP_ANALYSIS = YES;
				CLANG_WARN_STRICT_PROTOTYPES = YES;
				CLANG_WARN_SUSPICIOUS_MOVE = YES;
				CLANG_WARN_UNGUARDED_AVAILABILITY = YES_AGGRESSIVE;
				CLANG_WARN_UNREACHABLE_CODE = YES;
				CLANG_WARN__DUPLICATE_METHOD_MATCH = YES;
				COPY_PHASE_STRIP = NO;
				DEBUG_INFORMATION_FORMAT = "dwarf-with-dsym";
				ENABLE_NS_ASSERTIONS = NO;
				ENABLE_STRICT_OBJC_MSGSEND = YES;
				GCC_C_LANGUAGE_STANDARD = gnu11;
				GCC_NO_COMMON_BLOCKS = YES;
				GCC_WARN_64_TO_32_BIT_CONVERSION = YES;
				GCC_WARN_ABOUT_RETURN_TYPE = YES_ERROR;
				GCC_WARN_UNDECLARED_SELECTOR = YES;
				GCC_WARN_UNINITIALIZED_AUTOS = YES_AGGRESSIVE;
				GCC_WARN_UNUSED_FUNCTION = YES;
				GCC_WARN_UNUSED_VARIABLE = YES;
				IPHONEOS_DEPLOYMENT_TARGET = 14.5;
				MTL_ENABLE_DEBUG_INFO = NO;
				MTL_FAST_MATH = YES;
				SDKROOT = iphoneos;
				SWIFT_COMPILATION_MODE = wholemodule;
				SWIFT_OPTIMIZATION_LEVEL = "-O";
				VALIDATE_PRODUCT = YES;
			};
			name = Release;
		};
		81EBEC15266F89AF00270953 /* Debug */ = {
			isa = XCBuildConfiguration;
			buildSettings = {
				ASSETCATALOG_COMPILER_APPICON_NAME = AppIcon;
				ASSETCATALOG_COMPILER_GLOBAL_ACCENT_COLOR_NAME = AccentColor;
				CODE_SIGN_STYLE = Automatic;
				DEVELOPMENT_TEAM = SPAUA3R9XX;
				INFOPLIST_FILE = WhoWantsToBeMillionaire/Info.plist;
				LD_RUNPATH_SEARCH_PATHS = (
					"$(inherited)",
					"@executable_path/Frameworks",
				);
				PRODUCT_BUNDLE_IDENTIFIER = "egorovmikhail-bk.ru.WhoWantsToBeMillionaire";
				PRODUCT_NAME = "$(TARGET_NAME)";
				SWIFT_VERSION = 5.0;
				TARGETED_DEVICE_FAMILY = "1,2";
			};
			name = Debug;
		};
		81EBEC16266F89AF00270953 /* Release */ = {
			isa = XCBuildConfiguration;
			buildSettings = {
				ASSETCATALOG_COMPILER_APPICON_NAME = AppIcon;
				ASSETCATALOG_COMPILER_GLOBAL_ACCENT_COLOR_NAME = AccentColor;
				CODE_SIGN_STYLE = Automatic;
				DEVELOPMENT_TEAM = SPAUA3R9XX;
				INFOPLIST_FILE = WhoWantsToBeMillionaire/Info.plist;
				LD_RUNPATH_SEARCH_PATHS = (
					"$(inherited)",
					"@executable_path/Frameworks",
				);
				PRODUCT_BUNDLE_IDENTIFIER = "egorovmikhail-bk.ru.WhoWantsToBeMillionaire";
				PRODUCT_NAME = "$(TARGET_NAME)";
				SWIFT_VERSION = 5.0;
				TARGETED_DEVICE_FAMILY = "1,2";
			};
			name = Release;
		};
/* End XCBuildConfiguration section */

/* Begin XCConfigurationList section */
		81EBEBFB266F89AE00270953 /* Build configuration list for PBXProject "WhoWantsToBeMillionaire" */ = {
			isa = XCConfigurationList;
			buildConfigurations = (
				81EBEC12266F89AF00270953 /* Debug */,
				81EBEC13266F89AF00270953 /* Release */,
			);
			defaultConfigurationIsVisible = 0;
			defaultConfigurationName = Release;
		};
		81EBEC14266F89AF00270953 /* Build configuration list for PBXNativeTarget "WhoWantsToBeMillionaire" */ = {
			isa = XCConfigurationList;
			buildConfigurations = (
				81EBEC15266F89AF00270953 /* Debug */,
				81EBEC16266F89AF00270953 /* Release */,
			);
			defaultConfigurationIsVisible = 0;
			defaultConfigurationName = Release;
		};
/* End XCConfigurationList section */
	};
	rootObject = 81EBEBF8266F89AE00270953 /* Project object */;
}
